
Microsoft Visual Studio Solution File, Format Version 12.00
# Visual Studio Version 17
VisualStudioVersion = 17.6.33723.286
MinimumVisualStudioVersion = 10.0.40219.1
Project("{FAE04EC0-301F-11D3-BF4B-00C04F79EFBC}") = "Triangulation", "Triangulation\Triangulation.csproj", "{F1E5EF00-1EC8-42CC-95F3-A2619F5E663A}"
EndProject
Global
	GlobalSection(SolutionConfigurationPlatforms) = preSolution
		Debug|Any CPU = Debug|Any CPU
		Release|Any CPU = Release|Any CPU
	EndGlobalSection
	GlobalSection(ProjectConfigurationPlatforms) = postSolution
		{F1E5EF00-1EC8-42CC-95F3-A2619F5E663A}.Debug|Any CPU.ActiveCfg = Debug|Any CPU
		{F1E5EF00-1EC8-42CC-95F3-A2619F5E663A}.Debug|Any CPU.Build.0 = Debug|Any CPU
		{F1E5EF00-1EC8-42CC-95F3-A2619F5E663A}.Release|Any CPU.ActiveCfg = Release|Any CPU
		{F1E5EF00-1EC8-42CC-95F3-A2619F5E663A}.Release|Any CPU.Build.0 = Release|Any CPU
	EndGlobalSection
	GlobalSection(SolutionProperties) = preSolution
		HideSolutionNode = FALSE
	EndGlobalSection
	GlobalSection(ExtensibilityGlobals) = postSolution
		SolutionGuid = {C19160EA-966D-493B-A1CD-B1E2D0E93657}
	EndGlobalSection
EndGlobal
